
Microsoft Visual Studio Solution File, Format Version 12.00
# Visual Studio 15
VisualStudioVersion = 15.0.27130.2010
MinimumVisualStudioVersion = 10.0.40219.1
Project("{8BC9CEB8-8B4A-11D0-8D11-00A0C91BC942}") = "SimpleDungeon", "SimpleDungeon\SimpleDungeon.vcxproj", "{F5233575-AAC0-4F3D-BD19-7BBD77A3C6EC}"
EndProject
Global
	GlobalSection(SolutionConfigurationPlatforms) = preSolution
		Debug|x64 = Debug|x64
		Debug|x86 = Debug|x86
		Release|x64 = Release|x64
		Release|x86 = Release|x86
	EndGlobalSection
	GlobalSection(ProjectConfigurationPlatforms) = postSolution
		{F5233575-AAC0-4F3D-BD19-7BBD77A3C6EC}.Debug|x64.ActiveCfg = Debug|x64
		{F5233575-AAC0-4F3D-BD19-7BBD77A3C6EC}.Debug|x64.Build.0 = Debug|x64
		{F5233575-AAC0-4F3D-BD19-7BBD77A3C6EC}.Debug|x86.ActiveCfg = Debug|Win32
		{F5233575-AAC0-4F3D-BD19-7BBD77A3C6EC}.Debug|x86.Build.0 = Debug|Win32
		{F5233575-AAC0-4F3D-BD19-7BBD77A3C6EC}.Release|x64.ActiveCfg = Release|x64
		{F5233575-AAC0-4F3D-BD19-7BBD77A3C6EC}.Release|x64.Build.0 = Release|x64
		{F5233575-AAC0-4F3D-BD19-7BBD77A3C6EC}.Release|x86.ActiveCfg = Release|Win32
		{F5233575-AAC0-4F3D-BD19-7BBD77A3C6EC}.Release|x86.Build.0 = Release|Win32
	EndGlobalSection
	GlobalSection(SolutionProperties) = preSolution
		HideSolutionNode = FALSE
	EndGlobalSection
	GlobalSection(ExtensibilityGlobals) = postSolution
		SolutionGuid = {9D06203A-73C6-4B68-90DA-59E70998E5E9}
	EndGlobalSection
EndGlobal
